<Solution>
  <Project Path="ProjectChicago.AppHost/ProjectChicago.AppHost.csproj" />
  <Project Path="ProjectChicago.Contracts/ProjectChicago.Contracts.csproj" />
  <Project Path="ProjectChicago.Contracts.Tests/ProjectChicago.Contracts.Tests.csproj" />
  <Project Path="ProjectChicago.Crm/ProjectChicago.Crm.csproj" />
  <Project Path="ProjectChicago.Crm.Api.Tests/ProjectChicago.Crm.Api.Tests.csproj" />
  <Project Path="ProjectChicago.Crm.Core.Tests/ProjectChicago.Crm.Core.Tests.csproj" />
  <Project Path="ProjectChicago.Crm.Core/ProjectChicago.Crm.Core.csproj" />
  <Project Path="ProjectChicago.Crm.Functions.Tests/ProjectChicago.Crm.Functions.Tests.csproj" />
  <Project Path="ProjectChicago.Crm.Functions/ProjectChicago.Crm.Functions.csproj" />
  <Project Path="ProjectChicago.Gateway/ProjectChicago.Gateway.csproj" />
  <Project Path="ProjectChicago.Gateway.Tests/ProjectChicago.Gateway.Tests.csproj" />
  <Project Path="ProjectChicago.Identity/ProjectChicago.Identity.csproj" />
  <Project Path="ProjectChicago.Identity.Api.Tests/ProjectChicago.Identity.Api.Tests.csproj" />
  <Project Path="ProjectChicago.Identity.Core/ProjectChicago.Identity.Core.csproj" />
  <Project Path="ProjectChicago.Identity.Core.Tests/ProjectChicago.Identity.Core.Tests.csproj" />
  <Project Path="ProjectChicago.Identity.Functions/ProjectChicago.Identity.Functions.csproj" />
  <Project Path="ProjectChicago.Identity.Functions.Tests/ProjectChicago.Identity.Functions.Tests.csproj" />
  <Project Path="ProjectChicago.ServiceDefaults/ProjectChicago.ServiceDefaults.csproj" />
  <Project Path="ProjectChicago.ServiceDefaults.Tests/ProjectChicago.ServiceDefaults.Tests.csproj" />
  <Project Path="ProjectChicago.Shared/ProjectChicago.Shared.csproj" />
  <Project Path="ProjectChicago.Shared.Tests/ProjectChicago.Shared.Tests.csproj" />
</Solution>
